Microsoft Visual Studio Solution File, Format Version 12.00
# Visual Studio 2012
Project("{FAE04EC0-301F-11D3-BF4B-00C04F79EFBC}") = "CompilingModules", "CompilingModules\CompilingModules.csproj", "{49A7603B-B183-49FB-8798-189110640B7E}"
EndProject
Project("{FAE04EC0-301F-11D3-BF4B-00C04F79EFBC}") = "Query", "Query\Query.csproj", "{30C7CF67-8F49-4E79-8178-B6D9457553B6}"
EndProject
Project("{FAE04EC0-301F-11D3-BF4B-00C04F79EFBC}") = "Include", "Include\Include.csproj", "{16C955DF-63AA-4B6E-B5D1-A8B5746B2472}"
EndProject
Project("{FAE04EC0-301F-11D3-BF4B-00C04F79EFBC}") = "Update", "Update\Update.csproj", "{885BE286-C32E-403B-8875-C77C68DEE03C}"
EndProject
Project("{FAE04EC0-301F-11D3-BF4B-00C04F79EFBC}") = "Transform", "Transform\Transform.csproj", "{3A37ABDD-F91E-4C2A-BDA6-C9D69E1D7C15}"
EndProject
Project("{FAE04EC0-301F-11D3-BF4B-00C04F79EFBC}") = "PathExpression", "PathExpression\PathExpression.csproj", "{14922321-5B0E-4531-BC19-10F149BA5EC0}"
EndProject
Project("{FAE04EC0-301F-11D3-BF4B-00C04F79EFBC}") = "XsltModule", "XsltModule\XsltModule.csproj", "{63136834-5E5A-4A7C-B202-4C1DE0DE8F23}"
EndProject
Project("{FAE04EC0-301F-11D3-BF4B-00C04F79EFBC}") = "NativeModule", "NativeModule\NativeModule.csproj", "{AC4F88B5-4931-429D-8F0B-EC041D8BDFDA}"
EndProject
Project("{FAE04EC0-301F-11D3-BF4B-00C04F79EFBC}") = "QueryBuiltInModules", "QueryBuiltInModules\QueryBuiltInModules.csproj", "{6F887C8E-91C5-4B6B-B369-A089C916AE2B}"
EndProject
Project("{FAE04EC0-301F-11D3-BF4B-00C04F79EFBC}") = "TransformBuiltInModules", "TransformBuiltInModules\TransformBuiltInModules.csproj", "{192A6246-E159-4A9A-BD18-24AB22768DE5}"
EndProject
Project("{FAE04EC0-301F-11D3-BF4B-00C04F79EFBC}") = "PathExpressionBuiltInModules", "PathExpressionBuiltInModules\PathExpressionBuiltInModules.csproj", "{B4A7C762-19E1-4A4B-AC2E-22479F0C455A}"
EndProject
Project("{FAE04EC0-301F-11D3-BF4B-00C04F79EFBC}") = "XsltScript", "XsltScript\XsltScript.csproj", "{156DBCA7-32F8-41B3-B8B7-49D5C3CEDF28}"
EndProject
Project("{FAE04EC0-301F-11D3-BF4B-00C04F79EFBC}") = "Datatypes", "Datatypes\Datatypes.csproj", "{9E35D95F-4045-401E-B491-48A32CA69538}"
EndProject
Project("{FAE04EC0-301F-11D3-BF4B-00C04F79EFBC}") = "TransformParameters", "TransformParameters\TransformParameters.csproj", "{BFBC4417-C35D-49A0-859F-676A365E61F4}"
EndProject
Project("{FAE04EC0-301F-11D3-BF4B-00C04F79EFBC}") = "Key", "Key\Key.csproj", "{85F02EB2-4A02-4B59-BDCE-5875F6511AA8}"
EndProject
Global
	GlobalSection(SolutionConfigurationPlatforms) = preSolution
		Coverage|Any CPU = Coverage|Any CPU
		Coverage|Mixed Platforms = Coverage|Mixed Platforms
		Coverage|x86 = Coverage|x86
		Debug|Any CPU = Debug|Any CPU
		Debug|Mixed Platforms = Debug|Mixed Platforms
		Debug|x86 = Debug|x86
		Full|Any CPU = Full|Any CPU
		Full|Mixed Platforms = Full|Mixed Platforms
		Full|x86 = Full|x86
		Release|Any CPU = Release|Any CPU
		Release|Mixed Platforms = Release|Mixed Platforms
		Release|x86 = Release|x86
		Trial|Any CPU = Trial|Any CPU
		Trial|Mixed Platforms = Trial|Mixed Platforms
		Trial|x86 = Trial|x86
	EndGlobalSection
	GlobalSection(ProjectConfigurationPlatforms) = postSolution
		{49A7603B-B183-49FB-8798-189110640B7E}.Coverage|Any CPU.ActiveCfg = Release|x86
		{49A7603B-B183-49FB-8798-189110640B7E}.Coverage|Mixed Platforms.ActiveCfg = Release|x86
		{49A7603B-B183-49FB-8798-189110640B7E}.Coverage|Mixed Platforms.Build.0 = Release|x86
		{49A7603B-B183-49FB-8798-189110640B7E}.Coverage|x86.ActiveCfg = Release|x86
		{49A7603B-B183-49FB-8798-189110640B7E}.Coverage|x86.Build.0 = Release|x86
		{49A7603B-B183-49FB-8798-189110640B7E}.Debug|Any CPU.ActiveCfg = Debug|x86
		{49A7603B-B183-49FB-8798-189110640B7E}.Debug|Mixed Platforms.ActiveCfg = Debug|x86
		{49A7603B-B183-49FB-8798-189110640B7E}.Debug|Mixed Platforms.Build.0 = Debug|x86
		{49A7603B-B183-49FB-8798-189110640B7E}.Debug|x86.ActiveCfg = Debug|x86
		{49A7603B-B183-49FB-8798-189110640B7E}.Debug|x86.Build.0 = Debug|x86
		{49A7603B-B183-49FB-8798-189110640B7E}.Full|Any CPU.ActiveCfg = Release|x86
		{49A7603B-B183-49FB-8798-189110640B7E}.Full|Mixed Platforms.ActiveCfg = Release|x86
		{49A7603B-B183-49FB-8798-189110640B7E}.Full|Mixed Platforms.Build.0 = Release|x86
		{49A7603B-B183-49FB-8798-189110640B7E}.Full|x86.ActiveCfg = Release|x86
		{49A7603B-B183-49FB-8798-189110640B7E}.Full|x86.Build.0 = Release|x86
		{49A7603B-B183-49FB-8798-189110640B7E}.Release|Any CPU.ActiveCfg = Release|x86
		{49A7603B-B183-49FB-8798-189110640B7E}.Release|Mixed Platforms.ActiveCfg = Release|x86
		{49A7603B-B183-49FB-8798-189110640B7E}.Release|Mixed Platforms.Build.0 = Release|x86
		{49A7603B-B183-49FB-8798-189110640B7E}.Release|x86.ActiveCfg = Release|x86
		{49A7603B-B183-49FB-8798-189110640B7E}.Release|x86.Build.0 = Release|x86
		{49A7603B-B183-49FB-8798-189110640B7E}.Trial|Any CPU.ActiveCfg = Release|x86
		{49A7603B-B183-49FB-8798-189110640B7E}.Trial|Mixed Platforms.ActiveCfg = Release|x86
		{49A7603B-B183-49FB-8798-189110640B7E}.Trial|Mixed Platforms.Build.0 = Release|x86
		{49A7603B-B183-49FB-8798-189110640B7E}.Trial|x86.ActiveCfg = Release|x86
		{49A7603B-B183-49FB-8798-189110640B7E}.Trial|x86.Build.0 = Release|x86
		{30C7CF67-8F49-4E79-8178-B6D9457553B6}.Coverage|Any CPU.ActiveCfg = Release|x86
		{30C7CF67-8F49-4E79-8178-B6D9457553B6}.Coverage|Mixed Platforms.ActiveCfg = Release|x86
		{30C7CF67-8F49-4E79-8178-B6D9457553B6}.Coverage|Mixed Platforms.Build.0 = Release|x86
		{30C7CF67-8F49-4E79-8178-B6D9457553B6}.Coverage|x86.ActiveCfg = Release|x86
		{30C7CF67-8F49-4E79-8178-B6D9457553B6}.Coverage|x86.Build.0 = Release|x86
		{30C7CF67-8F49-4E79-8178-B6D9457553B6}.Debug|Any CPU.ActiveCfg = Debug|x86
		{30C7CF67-8F49-4E79-8178-B6D9457553B6}.Debug|Mixed Platforms.ActiveCfg = Debug|x86
		{30C7CF67-8F49-4E79-8178-B6D9457553B6}.Debug|Mixed Platforms.Build.0 = Debug|x86
		{30C7CF67-8F49-4E79-8178-B6D9457553B6}.Debug|x86.ActiveCfg = Debug|x86
		{30C7CF67-8F49-4E79-8178-B6D9457553B6}.Debug|x86.Build.0 = Debug|x86
		{30C7CF67-8F49-4E79-8178-B6D9457553B6}.Full|Any CPU.ActiveCfg = Release|x86
		{30C7CF67-8F49-4E79-8178-B6D9457553B6}.Full|Mixed Platforms.ActiveCfg = Release|x86
		{30C7CF67-8F49-4E79-8178-B6D9457553B6}.Full|Mixed Platforms.Build.0 = Release|x86
		{30C7CF67-8F49-4E79-8178-B6D9457553B6}.Full|x86.ActiveCfg = Release|x86
		{30C7CF67-8F49-4E79-8178-B6D9457553B6}.Full|x86.Build.0 = Release|x86
		{30C7CF67-8F49-4E79-8178-B6D9457553B6}.Release|Any CPU.ActiveCfg = Release|x86
		{30C7CF67-8F49-4E79-8178-B6D9457553B6}.Release|Mixed Platforms.ActiveCfg = Release|x86
		{30C7CF67-8F49-4E79-8178-B6D9457553B6}.Release|Mixed Platforms.Build.0 = Release|x86
		{30C7CF67-8F49-4E79-8178-B6D9457553B6}.Release|x86.ActiveCfg = Release|x86
		{30C7CF67-8F49-4E79-8178-B6D9457553B6}.Release|x86.Build.0 = Release|x86
		{30C7CF67-8F49-4E79-8178-B6D9457553B6}.Trial|Any CPU.ActiveCfg = Release|x86
		{30C7CF67-8F49-4E79-8178-B6D9457553B6}.Trial|Mixed Platforms.ActiveCfg = Release|x86
		{30C7CF67-8F49-4E79-8178-B6D9457553B6}.Trial|Mixed Platforms.Build.0 = Release|x86
		{30C7CF67-8F49-4E79-8178-B6D9457553B6}.Trial|x86.ActiveCfg = Release|x86
		{30C7CF67-8F49-4E79-8178-B6D9457553B6}.Trial|x86.Build.0 = Release|x86
		{16C955DF-63AA-4B6E-B5D1-A8B5746B2472}.Coverage|Any CPU.ActiveCfg = Release|x86
		{16C955DF-63AA-4B6E-B5D1-A8B5746B2472}.Coverage|Mixed Platforms.ActiveCfg = Release|x86
		{16C955DF-63AA-4B6E-B5D1-A8B5746B2472}.Coverage|Mixed Platforms.Build.0 = Release|x86
		{16C955DF-63AA-4B6E-B5D1-A8B5746B2472}.Coverage|x86.ActiveCfg = Release|x86
		{16C955DF-63AA-4B6E-B5D1-A8B5746B2472}.Coverage|x86.Build.0 = Release|x86
		{16C955DF-63AA-4B6E-B5D1-A8B5746B2472}.Debug|Any CPU.ActiveCfg = Debug|x86
		{16C955DF-63AA-4B6E-B5D1-A8B5746B2472}.Debug|Mixed Platforms.ActiveCfg = Debug|x86
		{16C955DF-63AA-4B6E-B5D1-A8B5746B2472}.Debug|Mixed Platforms.Build.0 = Debug|x86
		{16C955DF-63AA-4B6E-B5D1-A8B5746B2472}.Debug|x86.ActiveCfg = Debug|x86
		{16C955DF-63AA-4B6E-B5D1-A8B5746B2472}.Debug|x86.Build.0 = Debug|x86
		{16C955DF-63AA-4B6E-B5D1-A8B5746B2472}.Full|Any CPU.ActiveCfg = Release|x86
		{16C955DF-63AA-4B6E-B5D1-A8B5746B2472}.Full|Mixed Platforms.ActiveCfg = Release|x86
		{16C955DF-63AA-4B6E-B5D1-A8B5746B2472}.Full|Mixed Platforms.Build.0 = Release|x86
		{16C955DF-63AA-4B6E-B5D1-A8B5746B2472}.Full|x86.ActiveCfg = Release|x86
		{16C955DF-63AA-4B6E-B5D1-A8B5746B2472}.Full|x86.Build.0 = Release|x86
		{16C955DF-63AA-4B6E-B5D1-A8B5746B2472}.Release|Any CPU.ActiveCfg = Release|x86
		{16C955DF-63AA-4B6E-B5D1-A8B5746B2472}.Release|Mixed Platforms.ActiveCfg = Release|x86
		{16C955DF-63AA-4B6E-B5D1-A8B5746B2472}.Release|Mixed Platforms.Build.0 = Release|x86
		{16C955DF-63AA-4B6E-B5D1-A8B5746B2472}.Release|x86.ActiveCfg = Release|x86
		{16C955DF-63AA-4B6E-B5D1-A8B5746B2472}.Release|x86.Build.0 = Release|x86
		{16C955DF-63AA-4B6E-B5D1-A8B5746B2472}.Trial|Any CPU.ActiveCfg = Release|x86
		{16C955DF-63AA-4B6E-B5D1-A8B5746B2472}.Trial|Mixed Platforms.ActiveCfg = Release|x86
		{16C955DF-63AA-4B6E-B5D1-A8B5746B2472}.Trial|Mixed Platforms.Build.0 = Release|x86
		{16C955DF-63AA-4B6E-B5D1-A8B5746B2472}.Trial|x86.ActiveCfg = Release|x86
		{16C955DF-63AA-4B6E-B5D1-A8B5746B2472}.Trial|x86.Build.0 = Release|x86
		{885BE286-C32E-403B-8875-C77C68DEE03C}.Coverage|Any CPU.ActiveCfg = Release|x86
		{885BE286-C32E-403B-8875-C77C68DEE03C}.Coverage|Mixed Platforms.ActiveCfg = Release|x86
		{885BE286-C32E-403B-8875-C77C68DEE03C}.Coverage|Mixed Platforms.Build.0 = Release|x86
		{885BE286-C32E-403B-8875-C77C68DEE03C}.Coverage|x86.ActiveCfg = Release|x86
		{885BE286-C32E-403B-8875-C77C68DEE03C}.Coverage|x86.Build.0 = Release|x86
		{885BE286-C32E-403B-8875-C77C68DEE03C}.Debug|Any CPU.ActiveCfg = Debug|x86
		{885BE286-C32E-403B-8875-C77C68DEE03C}.Debug|Mixed Platforms.ActiveCfg = Debug|x86
		{885BE286-C32E-403B-8875-C77C68DEE03C}.Debug|Mixed Platforms.Build.0 = Debug|x86
		{885BE286-C32E-403B-8875-C77C68DEE03C}.Debug|x86.ActiveCfg = Debug|x86
		{885BE286-C32E-403B-8875-C77C68DEE03C}.Debug|x86.Build.0 = Debug|x86
		{885BE286-C32E-403B-8875-C77C68DEE03C}.Full|Any CPU.ActiveCfg = Release|x86
		{885BE286-C32E-403B-8875-C77C68DEE03C}.Full|Mixed Platforms.ActiveCfg = Release|x86
		{885BE286-C32E-403B-8875-C77C68DEE03C}.Full|Mixed Platforms.Build.0 = Release|x86
		{885BE286-C32E-403B-8875-C77C68DEE03C}.Full|x86.ActiveCfg = Release|x86
		{885BE286-C32E-403B-8875-C77C68DEE03C}.Full|x86.Build.0 = Release|x86
		{885BE286-C32E-403B-8875-C77C68DEE03C}.Release|Any CPU.ActiveCfg = Release|x86
		{885BE286-C32E-403B-8875-C77C68DEE03C}.Release|Mixed Platforms.ActiveCfg = Release|x86
		{885BE286-C32E-403B-8875-C77C68DEE03C}.Release|Mixed Platforms.Build.0 = Release|x86
		{885BE286-C32E-403B-8875-C77C68DEE03C}.Release|x86.ActiveCfg = Release|x86
		{885BE286-C32E-403B-8875-C77C68DEE03C}.Release|x86.Build.0 = Release|x86
		{885BE286-C32E-403B-8875-C77C68DEE03C}.Trial|Any CPU.ActiveCfg = Release|x86
		{885BE286-C32E-403B-8875-C77C68DEE03C}.Trial|Mixed Platforms.ActiveCfg = Release|x86
		{885BE286-C32E-403B-8875-C77C68DEE03C}.Trial|Mixed Platforms.Build.0 = Release|x86
		{885BE286-C32E-403B-8875-C77C68DEE03C}.Trial|x86.ActiveCfg = Release|x86
		{885BE286-C32E-403B-8875-C77C68DEE03C}.Trial|x86.Build.0 = Release|x86
		{3A37ABDD-F91E-4C2A-BDA6-C9D69E1D7C15}.Coverage|Any CPU.ActiveCfg = Release|x86
		{3A37ABDD-F91E-4C2A-BDA6-C9D69E1D7C15}.Coverage|Mixed Platforms.ActiveCfg = Release|x86
		{3A37ABDD-F91E-4C2A-BDA6-C9D69E1D7C15}.Coverage|Mixed Platforms.Build.0 = Release|x86
		{3A37ABDD-F91E-4C2A-BDA6-C9D69E1D7C15}.Coverage|x86.ActiveCfg = Release|x86
		{3A37ABDD-F91E-4C2A-BDA6-C9D69E1D7C15}.Coverage|x86.Build.0 = Release|x86
		{3A37ABDD-F91E-4C2A-BDA6-C9D69E1D7C15}.Debug|Any CPU.ActiveCfg = Debug|x86
		{3A37ABDD-F91E-4C2A-BDA6-C9D69E1D7C15}.Debug|Mixed Platforms.ActiveCfg = Debug|x86
		{3A37ABDD-F91E-4C2A-BDA6-C9D69E1D7C15}.Debug|Mixed Platforms.Build.0 = Debug|x86
		{3A37ABDD-F91E-4C2A-BDA6-C9D69E1D7C15}.Debug|x86.ActiveCfg = Debug|x86
		{3A37ABDD-F91E-4C2A-BDA6-C9D69E1D7C15}.Debug|x86.Build.0 = Debug|x86
		{3A37ABDD-F91E-4C2A-BDA6-C9D69E1D7C15}.Full|Any CPU.ActiveCfg = Release|x86
		{3A37ABDD-F91E-4C2A-BDA6-C9D69E1D7C15}.Full|Mixed Platforms.ActiveCfg = Release|x86
		{3A37ABDD-F91E-4C2A-BDA6-C9D69E1D7C15}.Full|Mixed Platforms.Build.0 = Release|x86
		{3A37ABDD-F91E-4C2A-BDA6-C9D69E1D7C15}.Full|x86.ActiveCfg = Release|x86
		{3A37ABDD-F91E-4C2A-BDA6-C9D69E1D7C15}.Full|x86.Build.0 = Release|x86
		{3A37ABDD-F91E-4C2A-BDA6-C9D69E1D7C15}.Release|Any CPU.ActiveCfg = Release|x86
		{3A37ABDD-F91E-4C2A-BDA6-C9D69E1D7C15}.Release|Mixed Platforms.ActiveCfg = Release|x86
		{3A37ABDD-F91E-4C2A-BDA6-C9D69E1D7C15}.Release|Mixed Platforms.Build.0 = Release|x86
		{3A37ABDD-F91E-4C2A-BDA6-C9D69E1D7C15}.Release|x86.ActiveCfg = Release|x86
		{3A37ABDD-F91E-4C2A-BDA6-C9D69E1D7C15}.Release|x86.Build.0 = Release|x86
		{3A37ABDD-F91E-4C2A-BDA6-C9D69E1D7C15}.Trial|Any CPU.ActiveCfg = Release|x86
		{3A37ABDD-F91E-4C2A-BDA6-C9D69E1D7C15}.Trial|Mixed Platforms.ActiveCfg = Release|x86
		{3A37ABDD-F91E-4C2A-BDA6-C9D69E1D7C15}.Trial|Mixed Platforms.Build.0 = Release|x86
		{3A37ABDD-F91E-4C2A-BDA6-C9D69E1D7C15}.Trial|x86.ActiveCfg = Release|x86
		{3A37ABDD-F91E-4C2A-BDA6-C9D69E1D7C15}.Trial|x86.Build.0 = Release|x86
		{14922321-5B0E-4531-BC19-10F149BA5EC0}.Coverage|Any CPU.ActiveCfg = Release|x86
		{14922321-5B0E-4531-BC19-10F149BA5EC0}.Coverage|Mixed Platforms.ActiveCfg = Release|x86
		{14922321-5B0E-4531-BC19-10F149BA5EC0}.Coverage|Mixed Platforms.Build.0 = Release|x86
		{14922321-5B0E-4531-BC19-10F149BA5EC0}.Coverage|x86.ActiveCfg = Release|x86
		{14922321-5B0E-4531-BC19-10F149BA5EC0}.Coverage|x86.Build.0 = Release|x86
		{14922321-5B0E-4531-BC19-10F149BA5EC0}.Debug|Any CPU.ActiveCfg = Debug|x86
		{14922321-5B0E-4531-BC19-10F149BA5EC0}.Debug|Mixed Platforms.ActiveCfg = Debug|x86
		{14922321-5B0E-4531-BC19-10F149BA5EC0}.Debug|Mixed Platforms.Build.0 = Debug|x86
		{14922321-5B0E-4531-BC19-10F149BA5EC0}.Debug|x86.ActiveCfg = Debug|x86
		{14922321-5B0E-4531-BC19-10F149BA5EC0}.Debug|x86.Build.0 = Debug|x86
		{14922321-5B0E-4531-BC19-10F149BA5EC0}.Full|Any CPU.ActiveCfg = Release|x86
		{14922321-5B0E-4531-BC19-10F149BA5EC0}.Full|Mixed Platforms.ActiveCfg = Release|x86
		{14922321-5B0E-4531-BC19-10F149BA5EC0}.Full|Mixed Platforms.Build.0 = Release|x86
		{14922321-5B0E-4531-BC19-10F149BA5EC0}.Full|x86.ActiveCfg = Release|x86
		{14922321-5B0E-4531-BC19-10F149BA5EC0}.Full|x86.Build.0 = Release|x86
		{14922321-5B0E-4531-BC19-10F149BA5EC0}.Release|Any CPU.ActiveCfg = Release|x86
		{14922321-5B0E-4531-BC19-10F149BA5EC0}.Release|Mixed Platforms.ActiveCfg = Release|x86
		{14922321-5B0E-4531-BC19-10F149BA5EC0}.Release|Mixed Platforms.Build.0 = Release|x86
		{14922321-5B0E-4531-BC19-10F149BA5EC0}.Release|x86.ActiveCfg = Release|x86
		{14922321-5B0E-4531-BC19-10F149BA5EC0}.Release|x86.Build.0 = Release|x86
		{14922321-5B0E-4531-BC19-10F149BA5EC0}.Trial|Any CPU.ActiveCfg = Release|x86
		{14922321-5B0E-4531-BC19-10F149BA5EC0}.Trial|Mixed Platforms.ActiveCfg = Release|x86
		{14922321-5B0E-4531-BC19-10F149BA5EC0}.Trial|Mixed Platforms.Build.0 = Release|x86
		{14922321-5B0E-4531-BC19-10F149BA5EC0}.Trial|x86.ActiveCfg = Release|x86
		{14922321-5B0E-4531-BC19-10F149BA5EC0}.Trial|x86.Build.0 = Release|x86
		{63136834-5E5A-4A7C-B202-4C1DE0DE8F23}.Coverage|Any CPU.ActiveCfg = Release|x86
		{63136834-5E5A-4A7C-B202-4C1DE0DE8F23}.Coverage|Mixed Platforms.ActiveCfg = Release|x86
		{63136834-5E5A-4A7C-B202-4C1DE0DE8F23}.Coverage|Mixed Platforms.Build.0 = Release|x86
		{63136834-5E5A-4A7C-B202-4C1DE0DE8F23}.Coverage|x86.ActiveCfg = Release|x86
		{63136834-5E5A-4A7C-B202-4C1DE0DE8F23}.Coverage|x86.Build.0 = Release|x86
		{63136834-5E5A-4A7C-B202-4C1DE0DE8F23}.Debug|Any CPU.ActiveCfg = Debug|x86
		{63136834-5E5A-4A7C-B202-4C1DE0DE8F23}.Debug|Mixed Platforms.ActiveCfg = Debug|x86
		{63136834-5E5A-4A7C-B202-4C1DE0DE8F23}.Debug|Mixed Platforms.Build.0 = Debug|x86
		{63136834-5E5A-4A7C-B202-4C1DE0DE8F23}.Debug|x86.ActiveCfg = Debug|x86
		{63136834-5E5A-4A7C-B202-4C1DE0DE8F23}.Debug|x86.Build.0 = Debug|x86
		{63136834-5E5A-4A7C-B202-4C1DE0DE8F23}.Full|Any CPU.ActiveCfg = Release|x86
		{63136834-5E5A-4A7C-B202-4C1DE0DE8F23}.Full|Mixed Platforms.ActiveCfg = Release|x86
		{63136834-5E5A-4A7C-B202-4C1DE0DE8F23}.Full|Mixed Platforms.Build.0 = Release|x86
		{63136834-5E5A-4A7C-B202-4C1DE0DE8F23}.Full|x86.ActiveCfg = Release|x86
		{63136834-5E5A-4A7C-B202-4C1DE0DE8F23}.Full|x86.Build.0 = Release|x86
		{63136834-5E5A-4A7C-B202-4C1DE0DE8F23}.Release|Any CPU.ActiveCfg = Release|x86
		{63136834-5E5A-4A7C-B202-4C1DE0DE8F23}.Release|Mixed Platforms.ActiveCfg = Release|x86
		{63136834-5E5A-4A7C-B202-4C1DE0DE8F23}.Release|Mixed Platforms.Build.0 = Release|x86
		{63136834-5E5A-4A7C-B202-4C1DE0DE8F23}.Release|x86.ActiveCfg = Release|x86
		{63136834-5E5A-4A7C-B202-4C1DE0DE8F23}.Release|x86.Build.0 = Release|x86
		{63136834-5E5A-4A7C-B202-4C1DE0DE8F23}.Trial|Any CPU.ActiveCfg = Release|x86
		{63136834-5E5A-4A7C-B202-4C1DE0DE8F23}.Trial|Mixed Platforms.ActiveCfg = Release|x86
		{63136834-5E5A-4A7C-B202-4C1DE0DE8F23}.Trial|Mixed Platforms.Build.0 = Release|x86
		{63136834-5E5A-4A7C-B202-4C1DE0DE8F23}.Trial|x86.ActiveCfg = Release|x86
		{63136834-5E5A-4A7C-B202-4C1DE0DE8F23}.Trial|x86.Build.0 = Release|x86
		{AC4F88B5-4931-429D-8F0B-EC041D8BDFDA}.Coverage|Any CPU.ActiveCfg = Release|Any CPU
		{AC4F88B5-4931-429D-8F0B-EC041D8BDFDA}.Coverage|Any CPU.Build.0 = Release|Any CPU
		{AC4F88B5-4931-429D-8F0B-EC041D8BDFDA}.Coverage|Mixed Platforms.ActiveCfg = Release|Any CPU
		{AC4F88B5-4931-429D-8F0B-EC041D8BDFDA}.Coverage|Mixed Platforms.Build.0 = Release|Any CPU
		{AC4F88B5-4931-429D-8F0B-EC041D8BDFDA}.Coverage|x86.ActiveCfg = Release|Any CPU
		{AC4F88B5-4931-429D-8F0B-EC041D8BDFDA}.Debug|Any CPU.ActiveCfg = Debug|Any CPU
		{AC4F88B5-4931-429D-8F0B-EC041D8BDFDA}.Debug|Any CPU.Build.0 = Debug|Any CPU
		{AC4F88B5-4931-429D-8F0B-EC041D8BDFDA}.Debug|Mixed Platforms.ActiveCfg = Debug|Any CPU
		{AC4F88B5-4931-429D-8F0B-EC041D8BDFDA}.Debug|Mixed Platforms.Build.0 = Debug|Any CPU
		{AC4F88B5-4931-429D-8F0B-EC041D8BDFDA}.Debug|x86.ActiveCfg = Debug|Any CPU
		{AC4F88B5-4931-429D-8F0B-EC041D8BDFDA}.Full|Any CPU.ActiveCfg = Release|Any CPU
		{AC4F88B5-4931-429D-8F0B-EC041D8BDFDA}.Full|Any CPU.Build.0 = Release|Any CPU
		{AC4F88B5-4931-429D-8F0B-EC041D8BDFDA}.Full|Mixed Platforms.ActiveCfg = Release|Any CPU
		{AC4F88B5-4931-429D-8F0B-EC041D8BDFDA}.Full|Mixed Platforms.Build.0 = Release|Any CPU
		{AC4F88B5-4931-429D-8F0B-EC041D8BDFDA}.Full|x86.ActiveCfg = Release|Any CPU
		{AC4F88B5-4931-429D-8F0B-EC041D8BDFDA}.Release|Any CPU.ActiveCfg = Release|Any CPU
		{AC4F88B5-4931-429D-8F0B-EC041D8BDFDA}.Release|Any CPU.Build.0 = Release|Any CPU
		{AC4F88B5-4931-429D-8F0B-EC041D8BDFDA}.Release|Mixed Platforms.ActiveCfg = Release|Any CPU
		{AC4F88B5-4931-429D-8F0B-EC041D8BDFDA}.Release|Mixed Platforms.Build.0 = Release|Any CPU
		{AC4F88B5-4931-429D-8F0B-EC041D8BDFDA}.Release|x86.ActiveCfg = Release|Any CPU
		{AC4F88B5-4931-429D-8F0B-EC041D8BDFDA}.Trial|Any CPU.ActiveCfg = Release|Any CPU
		{AC4F88B5-4931-429D-8F0B-EC041D8BDFDA}.Trial|Any CPU.Build.0 = Release|Any CPU
		{AC4F88B5-4931-429D-8F0B-EC041D8BDFDA}.Trial|Mixed Platforms.ActiveCfg = Release|Any CPU
		{AC4F88B5-4931-429D-8F0B-EC041D8BDFDA}.Trial|Mixed Platforms.Build.0 = Release|Any CPU
		{AC4F88B5-4931-429D-8F0B-EC041D8BDFDA}.Trial|x86.ActiveCfg = Release|Any CPU
		{6F887C8E-91C5-4B6B-B369-A089C916AE2B}.Coverage|Any CPU.ActiveCfg = Release|x86
		{6F887C8E-91C5-4B6B-B369-A089C916AE2B}.Coverage|Mixed Platforms.ActiveCfg = Release|x86
		{6F887C8E-91C5-4B6B-B369-A089C916AE2B}.Coverage|Mixed Platforms.Build.0 = Release|x86
		{6F887C8E-91C5-4B6B-B369-A089C916AE2B}.Coverage|x86.ActiveCfg = Release|x86
		{6F887C8E-91C5-4B6B-B369-A089C916AE2B}.Coverage|x86.Build.0 = Release|x86
		{6F887C8E-91C5-4B6B-B369-A089C916AE2B}.Debug|Any CPU.ActiveCfg = Debug|x86
		{6F887C8E-91C5-4B6B-B369-A089C916AE2B}.Debug|Mixed Platforms.ActiveCfg = Debug|x86
		{6F887C8E-91C5-4B6B-B369-A089C916AE2B}.Debug|Mixed Platforms.Build.0 = Debug|x86
		{6F887C8E-91C5-4B6B-B369-A089C916AE2B}.Debug|x86.ActiveCfg = Debug|x86
		{6F887C8E-91C5-4B6B-B369-A089C916AE2B}.Debug|x86.Build.0 = Debug|x86
		{6F887C8E-91C5-4B6B-B369-A089C916AE2B}.Full|Any CPU.ActiveCfg = Release|x86
		{6F887C8E-91C5-4B6B-B369-A089C916AE2B}.Full|Mixed Platforms.ActiveCfg = Release|x86
		{6F887C8E-91C5-4B6B-B369-A089C916AE2B}.Full|Mixed Platforms.Build.0 = Release|x86
		{6F887C8E-91C5-4B6B-B369-A089C916AE2B}.Full|x86.ActiveCfg = Release|x86
		{6F887C8E-91C5-4B6B-B369-A089C916AE2B}.Full|x86.Build.0 = Release|x86
		{6F887C8E-91C5-4B6B-B369-A089C916AE2B}.Release|Any CPU.ActiveCfg = Release|x86
		{6F887C8E-91C5-4B6B-B369-A089C916AE2B}.Release|Mixed Platforms.ActiveCfg = Release|x86
		{6F887C8E-91C5-4B6B-B369-A089C916AE2B}.Release|Mixed Platforms.Build.0 = Release|x86
		{6F887C8E-91C5-4B6B-B369-A089C916AE2B}.Release|x86.ActiveCfg = Release|x86
		{6F887C8E-91C5-4B6B-B369-A089C916AE2B}.Release|x86.Build.0 = Release|x86
		{6F887C8E-91C5-4B6B-B369-A089C916AE2B}.Trial|Any CPU.ActiveCfg = Release|x86
		{6F887C8E-91C5-4B6B-B369-A089C916AE2B}.Trial|Mixed Platforms.ActiveCfg = Release|x86
		{6F887C8E-91C5-4B6B-B369-A089C916AE2B}.Trial|Mixed Platforms.Build.0 = Release|x86
		{6F887C8E-91C5-4B6B-B369-A089C916AE2B}.Trial|x86.ActiveCfg = Release|x86
		{6F887C8E-91C5-4B6B-B369-A089C916AE2B}.Trial|x86.Build.0 = Release|x86
		{192A6246-E159-4A9A-BD18-24AB22768DE5}.Coverage|Any CPU.ActiveCfg = Release|x86
		{192A6246-E159-4A9A-BD18-24AB22768DE5}.Coverage|Mixed Platforms.ActiveCfg = Release|x86
		{192A6246-E159-4A9A-BD18-24AB22768DE5}.Coverage|Mixed Platforms.Build.0 = Release|x86
		{192A6246-E159-4A9A-BD18-24AB22768DE5}.Coverage|x86.ActiveCfg = Release|x86
		{192A6246-E159-4A9A-BD18-24AB22768DE5}.Coverage|x86.Build.0 = Release|x86
		{192A6246-E159-4A9A-BD18-24AB22768DE5}.Debug|Any CPU.ActiveCfg = Debug|x86
		{192A6246-E159-4A9A-BD18-24AB22768DE5}.Debug|Mixed Platforms.ActiveCfg = Debug|x86
		{192A6246-E159-4A9A-BD18-24AB22768DE5}.Debug|Mixed Platforms.Build.0 = Debug|x86
		{192A6246-E159-4A9A-BD18-24AB22768DE5}.Debug|x86.ActiveCfg = Debug|x86
		{192A6246-E159-4A9A-BD18-24AB22768DE5}.Debug|x86.Build.0 = Debug|x86
		{192A6246-E159-4A9A-BD18-24AB22768DE5}.Full|Any CPU.ActiveCfg = Release|x86
		{192A6246-E159-4A9A-BD18-24AB22768DE5}.Full|Mixed Platforms.ActiveCfg = Release|x86
		{192A6246-E159-4A9A-BD18-24AB22768DE5}.Full|Mixed Platforms.Build.0 = Release|x86
		{192A6246-E159-4A9A-BD18-24AB22768DE5}.Full|x86.ActiveCfg = Release|x86
		{192A6246-E159-4A9A-BD18-24AB22768DE5}.Full|x86.Build.0 = Release|x86
		{192A6246-E159-4A9A-BD18-24AB22768DE5}.Release|Any CPU.ActiveCfg = Release|x86
		{192A6246-E159-4A9A-BD18-24AB22768DE5}.Release|Mixed Platforms.ActiveCfg = Release|x86
		{192A6246-E159-4A9A-BD18-24AB22768DE5}.Release|Mixed Platforms.Build.0 = Release|x86
		{192A6246-E159-4A9A-BD18-24AB22768DE5}.Release|x86.ActiveCfg = Release|x86
		{192A6246-E159-4A9A-BD18-24AB22768DE5}.Release|x86.Build.0 = Release|x86
		{192A6246-E159-4A9A-BD18-24AB22768DE5}.Trial|Any CPU.ActiveCfg = Release|x86
		{192A6246-E159-4A9A-BD18-24AB22768DE5}.Trial|Mixed Platforms.ActiveCfg = Release|x86
		{192A6246-E159-4A9A-BD18-24AB22768DE5}.Trial|Mixed Platforms.Build.0 = Release|x86
		{192A6246-E159-4A9A-BD18-24AB22768DE5}.Trial|x86.ActiveCfg = Release|x86
		{192A6246-E159-4A9A-BD18-24AB22768DE5}.Trial|x86.Build.0 = Release|x86
		{B4A7C762-19E1-4A4B-AC2E-22479F0C455A}.Coverage|Any CPU.ActiveCfg = Release|x86
		{B4A7C762-19E1-4A4B-AC2E-22479F0C455A}.Coverage|Mixed Platforms.ActiveCfg = Release|x86
		{B4A7C762-19E1-4A4B-AC2E-22479F0C455A}.Coverage|Mixed Platforms.Build.0 = Release|x86
		{B4A7C762-19E1-4A4B-AC2E-22479F0C455A}.Coverage|x86.ActiveCfg = Release|x86
		{B4A7C762-19E1-4A4B-AC2E-22479F0C455A}.Coverage|x86.Build.0 = Release|x86
		{B4A7C762-19E1-4A4B-AC2E-22479F0C455A}.Debug|Any CPU.ActiveCfg = Debug|x86
		{B4A7C762-19E1-4A4B-AC2E-22479F0C455A}.Debug|Mixed Platforms.ActiveCfg = Debug|x86
		{B4A7C762-19E1-4A4B-AC2E-22479F0C455A}.Debug|Mixed Platforms.Build.0 = Debug|x86
		{B4A7C762-19E1-4A4B-AC2E-22479F0C455A}.Debug|x86.ActiveCfg = Debug|x86
		{B4A7C762-19E1-4A4B-AC2E-22479F0C455A}.Debug|x86.Build.0 = Debug|x86
		{B4A7C762-19E1-4A4B-AC2E-22479F0C455A}.Full|Any CPU.ActiveCfg = Release|x86
		{B4A7C762-19E1-4A4B-AC2E-22479F0C455A}.Full|Mixed Platforms.ActiveCfg = Release|x86
		{B4A7C762-19E1-4A4B-AC2E-22479F0C455A}.Full|Mixed Platforms.Build.0 = Release|x86
		{B4A7C762-19E1-4A4B-AC2E-22479F0C455A}.Full|x86.ActiveCfg = Release|x86
		{B4A7C762-19E1-4A4B-AC2E-22479F0C455A}.Full|x86.Build.0 = Release|x86
		{B4A7C762-19E1-4A4B-AC2E-22479F0C455A}.Release|Any CPU.ActiveCfg = Release|x86
		{B4A7C762-19E1-4A4B-AC2E-22479F0C455A}.Release|Mixed Platforms.ActiveCfg = Release|x86
		{B4A7C762-19E1-4A4B-AC2E-22479F0C455A}.Release|Mixed Platforms.Build.0 = Release|x86
		{B4A7C762-19E1-4A4B-AC2E-22479F0C455A}.Release|x86.ActiveCfg = Release|x86
		{B4A7C762-19E1-4A4B-AC2E-22479F0C455A}.Release|x86.Build.0 = Release|x86
		{B4A7C762-19E1-4A4B-AC2E-22479F0C455A}.Trial|Any CPU.ActiveCfg = Release|x86
		{B4A7C762-19E1-4A4B-AC2E-22479F0C455A}.Trial|Mixed Platforms.ActiveCfg = Release|x86
		{B4A7C762-19E1-4A4B-AC2E-22479F0C455A}.Trial|Mixed Platforms.Build.0 = Release|x86
		{B4A7C762-19E1-4A4B-AC2E-22479F0C455A}.Trial|x86.ActiveCfg = Release|x86
		{B4A7C762-19E1-4A4B-AC2E-22479F0C455A}.Trial|x86.Build.0 = Release|x86
		{156DBCA7-32F8-41B3-B8B7-49D5C3CEDF28}.Coverage|Any CPU.ActiveCfg = Release|x86
		{156DBCA7-32F8-41B3-B8B7-49D5C3CEDF28}.Coverage|Mixed Platforms.ActiveCfg = Release|x86
		{156DBCA7-32F8-41B3-B8B7-49D5C3CEDF28}.Coverage|Mixed Platforms.Build.0 = Release|x86
		{156DBCA7-32F8-41B3-B8B7-49D5C3CEDF28}.Coverage|x86.ActiveCfg = Release|x86
		{156DBCA7-32F8-41B3-B8B7-49D5C3CEDF28}.Coverage|x86.Build.0 = Release|x86
		{156DBCA7-32F8-41B3-B8B7-49D5C3CEDF28}.Debug|Any CPU.ActiveCfg = Debug|x86
		{156DBCA7-32F8-41B3-B8B7-49D5C3CEDF28}.Debug|Mixed Platforms.ActiveCfg = Debug|x86
		{156DBCA7-32F8-41B3-B8B7-49D5C3CEDF28}.Debug|Mixed Platforms.Build.0 = Debug|x86
		{156DBCA7-32F8-41B3-B8B7-49D5C3CEDF28}.Debug|x86.ActiveCfg = Debug|x86
		{156DBCA7-32F8-41B3-B8B7-49D5C3CEDF28}.Debug|x86.Build.0 = Debug|x86
		{156DBCA7-32F8-41B3-B8B7-49D5C3CEDF28}.Full|Any CPU.ActiveCfg = Release|x86
		{156DBCA7-32F8-41B3-B8B7-49D5C3CEDF28}.Full|Mixed Platforms.ActiveCfg = Release|x86
		{156DBCA7-32F8-41B3-B8B7-49D5C3CEDF28}.Full|Mixed Platforms.Build.0 = Release|x86
		{156DBCA7-32F8-41B3-B8B7-49D5C3CEDF28}.Full|x86.ActiveCfg = Release|x86
		{156DBCA7-32F8-41B3-B8B7-49D5C3CEDF28}.Full|x86.Build.0 = Release|x86
		{156DBCA7-32F8-41B3-B8B7-49D5C3CEDF28}.Release|Any CPU.ActiveCfg = Release|x86
		{156DBCA7-32F8-41B3-B8B7-49D5C3CEDF28}.Release|Mixed Platforms.ActiveCfg = Release|x86
		{156DBCA7-32F8-41B3-B8B7-49D5C3CEDF28}.Release|Mixed Platforms.Build.0 = Release|x86
		{156DBCA7-32F8-41B3-B8B7-49D5C3CEDF28}.Release|x86.ActiveCfg = Release|x86
		{156DBCA7-32F8-41B3-B8B7-49D5C3CEDF28}.Release|x86.Build.0 = Release|x86
		{156DBCA7-32F8-41B3-B8B7-49D5C3CEDF28}.Trial|Any CPU.ActiveCfg = Release|x86
		{156DBCA7-32F8-41B3-B8B7-49D5C3CEDF28}.Trial|Mixed Platforms.ActiveCfg = Release|x86
		{156DBCA7-32F8-41B3-B8B7-49D5C3CEDF28}.Trial|Mixed Platforms.Build.0 = Release|x86
		{156DBCA7-32F8-41B3-B8B7-49D5C3CEDF28}.Trial|x86.ActiveCfg = Release|x86
		{156DBCA7-32F8-41B3-B8B7-49D5C3CEDF28}.Trial|x86.Build.0 = Release|x86
		{9E35D95F-4045-401E-B491-48A32CA69538}.Coverage|Any CPU.ActiveCfg = Release|Any CPU
		{9E35D95F-4045-401E-B491-48A32CA69538}.Coverage|Any CPU.Build.0 = Release|Any CPU
		{9E35D95F-4045-401E-B491-48A32CA69538}.Coverage|Mixed Platforms.ActiveCfg = Release|Any CPU
		{9E35D95F-4045-401E-B491-48A32CA69538}.Coverage|Mixed Platforms.Build.0 = Release|Any CPU
		{9E35D95F-4045-401E-B491-48A32CA69538}.Coverage|x86.ActiveCfg = Release|Any CPU
		{9E35D95F-4045-401E-B491-48A32CA69538}.Debug|Any CPU.ActiveCfg = Debug|Any CPU
		{9E35D95F-4045-401E-B491-48A32CA69538}.Debug|Any CPU.Build.0 = Debug|Any CPU
		{9E35D95F-4045-401E-B491-48A32CA69538}.Debug|Mixed Platforms.ActiveCfg = Debug|Any CPU
		{9E35D95F-4045-401E-B491-48A32CA69538}.Debug|Mixed Platforms.Build.0 = Debug|Any CPU
		{9E35D95F-4045-401E-B491-48A32CA69538}.Debug|x86.ActiveCfg = Debug|Any CPU
		{9E35D95F-4045-401E-B491-48A32CA69538}.Full|Any CPU.ActiveCfg = Release|Any CPU
		{9E35D95F-4045-401E-B491-48A32CA69538}.Full|Any CPU.Build.0 = Release|Any CPU
		{9E35D95F-4045-401E-B491-48A32CA69538}.Full|Mixed Platforms.ActiveCfg = Release|Any CPU
		{9E35D95F-4045-401E-B491-48A32CA69538}.Full|Mixed Platforms.Build.0 = Release|Any CPU
		{9E35D95F-4045-401E-B491-48A32CA69538}.Full|x86.ActiveCfg = Release|Any CPU
		{9E35D95F-4045-401E-B491-48A32CA69538}.Release|Any CPU.ActiveCfg = Release|Any CPU
		{9E35D95F-4045-401E-B491-48A32CA69538}.Release|Any CPU.Build.0 = Release|Any CPU
		{9E35D95F-4045-401E-B491-48A32CA69538}.Release|Mixed Platforms.ActiveCfg = Release|Any CPU
		{9E35D95F-4045-401E-B491-48A32CA69538}.Release|Mixed Platforms.Build.0 = Release|Any CPU
		{9E35D95F-4045-401E-B491-48A32CA69538}.Release|x86.ActiveCfg = Release|Any CPU
		{9E35D95F-4045-401E-B491-48A32CA69538}.Trial|Any CPU.ActiveCfg = Release|Any CPU
		{9E35D95F-4045-401E-B491-48A32CA69538}.Trial|Any CPU.Build.0 = Release|Any CPU
		{9E35D95F-4045-401E-B491-48A32CA69538}.Trial|Mixed Platforms.ActiveCfg = Release|Any CPU
		{9E35D95F-4045-401E-B491-48A32CA69538}.Trial|Mixed Platforms.Build.0 = Release|Any CPU
		{9E35D95F-4045-401E-B491-48A32CA69538}.Trial|x86.ActiveCfg = Release|Any CPU
		{BFBC4417-C35D-49A0-859F-676A365E61F4}.Coverage|Any CPU.ActiveCfg = Release|Any CPU
		{BFBC4417-C35D-49A0-859F-676A365E61F4}.Coverage|Any CPU.Build.0 = Release|Any CPU
		{BFBC4417-C35D-49A0-859F-676A365E61F4}.Coverage|Mixed Platforms.ActiveCfg = Release|Any CPU
		{BFBC4417-C35D-49A0-859F-676A365E61F4}.Coverage|Mixed Platforms.Build.0 = Release|Any CPU
		{BFBC4417-C35D-49A0-859F-676A365E61F4}.Coverage|x86.ActiveCfg = Release|Any CPU
		{BFBC4417-C35D-49A0-859F-676A365E61F4}.Debug|Any CPU.ActiveCfg = Debug|Any CPU
		{BFBC4417-C35D-49A0-859F-676A365E61F4}.Debug|Any CPU.Build.0 = Debug|Any CPU
		{BFBC4417-C35D-49A0-859F-676A365E61F4}.Debug|Mixed Platforms.ActiveCfg = Debug|Any CPU
		{BFBC4417-C35D-49A0-859F-676A365E61F4}.Debug|Mixed Platforms.Build.0 = Debug|Any CPU
		{BFBC4417-C35D-49A0-859F-676A365E61F4}.Debug|x86.ActiveCfg = Debug|Any CPU
		{BFBC4417-C35D-49A0-859F-676A365E61F4}.Full|Any CPU.ActiveCfg = Release|Any CPU
		{BFBC4417-C35D-49A0-859F-676A365E61F4}.Full|Any CPU.Build.0 = Release|Any CPU
		{BFBC4417-C35D-49A0-859F-676A365E61F4}.Full|Mixed Platforms.ActiveCfg = Release|Any CPU
		{BFBC4417-C35D-49A0-859F-676A365E61F4}.Full|Mixed Platforms.Build.0 = Release|Any CPU
		{BFBC4417-C35D-49A0-859F-676A365E61F4}.Full|x86.ActiveCfg = Release|Any CPU
		{BFBC4417-C35D-49A0-859F-676A365E61F4}.Release|Any CPU.ActiveCfg = Release|Any CPU
		{BFBC4417-C35D-49A0-859F-676A365E61F4}.Release|Any CPU.Build.0 = Release|Any CPU
		{BFBC4417-C35D-49A0-859F-676A365E61F4}.Release|Mixed Platforms.ActiveCfg = Release|Any CPU
		{BFBC4417-C35D-49A0-859F-676A365E61F4}.Release|Mixed Platforms.Build.0 = Release|Any CPU
		{BFBC4417-C35D-49A0-859F-676A365E61F4}.Release|x86.ActiveCfg = Release|Any CPU
		{BFBC4417-C35D-49A0-859F-676A365E61F4}.Trial|Any CPU.ActiveCfg = Release|Any CPU
		{BFBC4417-C35D-49A0-859F-676A365E61F4}.Trial|Any CPU.Build.0 = Release|Any CPU
		{BFBC4417-C35D-49A0-859F-676A365E61F4}.Trial|Mixed Platforms.ActiveCfg = Release|Any CPU
		{BFBC4417-C35D-49A0-859F-676A365E61F4}.Trial|Mixed Platforms.Build.0 = Release|Any CPU
		{BFBC4417-C35D-49A0-859F-676A365E61F4}.Trial|x86.ActiveCfg = Release|Any CPU
		{85F02EB2-4A02-4B59-BDCE-5875F6511AA8}.Coverage|Any CPU.ActiveCfg = Release|Any CPU
		{85F02EB2-4A02-4B59-BDCE-5875F6511AA8}.Coverage|Any CPU.Build.0 = Release|Any CPU
		{85F02EB2-4A02-4B59-BDCE-5875F6511AA8}.Coverage|Mixed Platforms.ActiveCfg = Release|Any CPU
		{85F02EB2-4A02-4B59-BDCE-5875F6511AA8}.Coverage|Mixed Platforms.Build.0 = Release|Any CPU
		{85F02EB2-4A02-4B59-BDCE-5875F6511AA8}.Coverage|x86.ActiveCfg = Release|Any CPU
		{85F02EB2-4A02-4B59-BDCE-5875F6511AA8}.Debug|Any CPU.ActiveCfg = Debug|Any CPU
		{85F02EB2-4A02-4B59-BDCE-5875F6511AA8}.Debug|Any CPU.Build.0 = Debug|Any CPU
		{85F02EB2-4A02-4B59-BDCE-5875F6511AA8}.Debug|Mixed Platforms.ActiveCfg = Debug|Any CPU
		{85F02EB2-4A02-4B59-BDCE-5875F6511AA8}.Debug|Mixed Platforms.Build.0 = Debug|Any CPU
		{85F02EB2-4A02-4B59-BDCE-5875F6511AA8}.Debug|x86.ActiveCfg = Debug|Any CPU
		{85F02EB2-4A02-4B59-BDCE-5875F6511AA8}.Full|Any CPU.ActiveCfg = Release|Any CPU
		{85F02EB2-4A02-4B59-BDCE-5875F6511AA8}.Full|Any CPU.Build.0 = Release|Any CPU
		{85F02EB2-4A02-4B59-BDCE-5875F6511AA8}.Full|Mixed Platforms.ActiveCfg = Release|Any CPU
		{85F02EB2-4A02-4B59-BDCE-5875F6511AA8}.Full|Mixed Platforms.Build.0 = Release|Any CPU
		{85F02EB2-4A02-4B59-BDCE-5875F6511AA8}.Full|x86.ActiveCfg = Release|Any CPU
		{85F02EB2-4A02-4B59-BDCE-5875F6511AA8}.Release|Any CPU.ActiveCfg = Release|Any CPU
		{85F02EB2-4A02-4B59-BDCE-5875F6511AA8}.Release|Any CPU.Build.0 = Release|Any CPU
		{85F02EB2-4A02-4B59-BDCE-5875F6511AA8}.Release|Mixed Platforms.ActiveCfg = Release|Any CPU
		{85F02EB2-4A02-4B59-BDCE-5875F6511AA8}.Release|Mixed Platforms.Build.0 = Release|Any CPU
		{85F02EB2-4A02-4B59-BDCE-5875F6511AA8}.Release|x86.ActiveCfg = Release|Any CPU
		{85F02EB2-4A02-4B59-BDCE-5875F6511AA8}.Trial|Any CPU.ActiveCfg = Release|Any CPU
		{85F02EB2-4A02-4B59-BDCE-5875F6511AA8}.Trial|Any CPU.Build.0 = Release|Any CPU
		{85F02EB2-4A02-4B59-BDCE-5875F6511AA8}.Trial|Mixed Platforms.ActiveCfg = Release|Any CPU
		{85F02EB2-4A02-4B59-BDCE-5875F6511AA8}.Trial|Mixed Platforms.Build.0 = Release|Any CPU
		{85F02EB2-4A02-4B59-BDCE-5875F6511AA8}.Trial|x86.ActiveCfg = Release|Any CPU
	EndGlobalSection
	GlobalSection(SolutionProperties) = preSolution
		HideSolutionNode = FALSE
	EndGlobalSection
EndGlobal
